// !$*UTF8*$!
{
	archiveVersion = 1;
	classes = {
	};
	objectVersion = 50;
	objects = {

/* Begin PBXBuildFile section */
		3B2CE79524DFAC7900C15E43 /* split.fsh in Resources */ = {isa = PBXBuildFile; fileRef = 3B2CE79424DFAC7900C15E43 /* split.fsh */; };
		3B2CE79C24DFF74F00C15E43 /* normal.fsh in Resources */ = {isa = PBXBuildFile; fileRef = 3B2CE79A24DFF74F00C15E43 /* normal.fsh */; };
		3B2CE79D24DFF74F00C15E43 /* normal.vsh in Resources */ = {isa = PBXBuildFile; fileRef = 3B2CE79B24DFF74F00C15E43 /* normal.vsh */; };
		3B2CE7A124E0379D00C15E43 /* soul.fsh in Resources */ = {isa = PBXBuildFile; fileRef = 3B2CE7A024E0379D00C15E43 /* soul.fsh */; };
		3B2CE7A324E037AE00C15E43 /* scale.vsh in Resources */ = {isa = PBXBuildFile; fileRef = 3B2CE7A224E037AE00C15E43 /* scale.vsh */; };
		3B2CE7A624E037EA00C15E43 /* shake.fsh in Resources */ = {isa = PBXBuildFile; fileRef = 3B2CE7A524E037EA00C15E43 /* shake.fsh */; };
		3B2CE7AA24E0381800C15E43 /* flash.fsh in Resources */ = {isa = PBXBuildFile; fileRef = 3B2CE7A924E0381800C15E43 /* flash.fsh */; };
		3B2CE7AE24E0387300C15E43 /* glitch.fsh in Resources */ = {isa = PBXBuildFile; fileRef = 3B2CE7AD24E0387300C15E43 /* glitch.fsh */; };
		3B2CE7B124E038A000C15E43 /* illusory.fsh in Resources */ = {isa = PBXBuildFile; fileRef = 3B2CE7B024E038A000C15E43 /* illusory.fsh */; };
		3B2E164524DEAB3200A22FD5 /* FilterBar.m in Sources */ = {isa = PBXBuildFile; fileRef = 3B2E164424DEAB3200A22FD5 /* FilterBar.m */; };
		3B331BFC24DD9F21000CC0B1 /* AppDelegate.m in Sources */ = {isa = PBXBuildFile; fileRef = 3B331BFB24DD9F21000CC0B1 /* AppDelegate.m */; };
		3B331BFF24DD9F21000CC0B1 /* SceneDelegate.m in Sources */ = {isa = PBXBuildFile; fileRef = 3B331BFE24DD9F21000CC0B1 /* SceneDelegate.m */; };
		3B331C0224DD9F21000CC0B1 /* ViewController.m in Sources */ = {isa = PBXBuildFile; fileRef = 3B331C0124DD9F21000CC0B1 /* ViewController.m */; };
		3B331C0524DD9F21000CC0B1 /* Main.storyboard in Resources */ = {isa = PBXBuildFile; fileRef = 3B331C0324DD9F21000CC0B1 /* Main.storyboard */; };
		3B331C0724DD9F22000CC0B1 /* Assets.xcassets in Resources */ = {isa = PBXBuildFile; fileRef = 3B331C0624DD9F22000CC0B1 /* Assets.xcassets */; };
		3B331C0A24DD9F22000CC0B1 /* LaunchScreen.storyboard in Resources */ = {isa = PBXBuildFile; fileRef = 3B331C0824DD9F22000CC0B1 /* LaunchScreen.storyboard */; };
		3B331C0D24DD9F22000CC0B1 /* main.m in Sources */ = {isa = PBXBuildFile; fileRef = 3B331C0C24DD9F22000CC0B1 /* main.m */; };
		3B331C1424DDA5F3000CC0B1 /* wlop.png in Resources */ = {isa = PBXBuildFile; fileRef = 3B331C1324DDA5F3000CC0B1 /* wlop.png */; };
		6D1D1F8F24E269D700C98225 /* triangle-mosaic.fsh in Resources */ = {isa = PBXBuildFile; fileRef = 6D1D1F8924E269D600C98225 /* triangle-mosaic.fsh */; };
		6D1D1F9024E269D700C98225 /* reverse.fsh in Resources */ = {isa = PBXBuildFile; fileRef = 6D1D1F8A24E269D600C98225 /* reverse.fsh */; };
		6D1D1F9124E269D700C98225 /* square-mosaic.fsh in Resources */ = {isa = PBXBuildFile; fileRef = 6D1D1F8B24E269D600C98225 /* square-mosaic.fsh */; };
		6D1D1F9224E269D700C98225 /* gray.fsh in Resources */ = {isa = PBXBuildFile; fileRef = 6D1D1F8C24E269D600C98225 /* gray.fsh */; };
		6D1D1F9324E269D700C98225 /* whirlpool.fsh in Resources */ = {isa = PBXBuildFile; fileRef = 6D1D1F8D24E269D600C98225 /* whirlpool.fsh */; };
		6D1D1F9424E269D700C98225 /* hexagon-mosaic.fsh in Resources */ = {isa = PBXBuildFile; fileRef = 6D1D1F8E24E269D600C98225 /* hexagon-mosaic.fsh */; };
/* End PBXBuildFile section */

/* Begin PBXFileReference section */
		3B2CE79424DFAC7900C15E43 /* split.fsh */ = {isa = PBXFileReference; lastKnownFileType = sourcecode.glsl; path = split.fsh; sourceTree = "<group>"; };
		3B2CE79A24DFF74F00C15E43 /* normal.fsh */ = {isa = PBXFileReference; fileEncoding = 4; lastKnownFileType = sourcecode.glsl; path = normal.fsh; sourceTree = "<group>"; };
		3B2CE79B24DFF74F00C15E43 /* normal.vsh */ = {isa = PBXFileReference; fileEncoding = 4; lastKnownFileType = sourcecode.glsl; path = normal.vsh; sourceTree = "<group>"; };
		3B2CE7A024E0379D00C15E43 /* soul.fsh */ = {isa = PBXFileReference; lastKnownFileType = sourcecode.glsl; path = soul.fsh; sourceTree = "<group>"; };
		3B2CE7A224E037AE00C15E43 /* scale.vsh */ = {isa = PBXFileReference; lastKnownFileType = sourcecode.glsl; path = scale.vsh; sourceTree = "<group>"; };
		3B2CE7A524E037EA00C15E43 /* shake.fsh */ = {isa = PBXFileReference; lastKnownFileType = sourcecode.glsl; path = shake.fsh; sourceTree = "<group>"; };
		3B2CE7A924E0381800C15E43 /* flash.fsh */ = {isa = PBXFileReference; lastKnownFileType = sourcecode.glsl; path = flash.fsh; sourceTree = "<group>"; };
		3B2CE7AD24E0387300C15E43 /* glitch.fsh */ = {isa = PBXFileReference; lastKnownFileType = sourcecode.glsl; path = glitch.fsh; sourceTree = "<group>"; };
		3B2CE7B024E038A000C15E43 /* illusory.fsh */ = {isa = PBXFileReference; lastKnownFileType = sourcecode.glsl; path = illusory.fsh; sourceTree = "<group>"; };
		3B2E164324DEAB3200A22FD5 /* FilterBar.h */ = {isa = PBXFileReference; lastKnownFileType = sourcecode.c.h; path = FilterBar.h; sourceTree = "<group>"; };
		3B2E164424DEAB3200A22FD5 /* FilterBar.m */ = {isa = PBXFileReference; lastKnownFileType = sourcecode.c.objc; path = FilterBar.m; sourceTree = "<group>"; };
		3B331BF724DD9F21000CC0B1 /* Filter.app */ = {isa = PBXFileReference; explicitFileType = wrapper.application; includeInIndex = 0; path = Filter.app; sourceTree = BUILT_PRODUCTS_DIR; };
		3B331BFA24DD9F21000CC0B1 /* AppDelegate.h */ = {isa = PBXFileReference; lastKnownFileType = sourcecode.c.h; path = AppDelegate.h; sourceTree = "<group>"; };
		3B331BFB24DD9F21000CC0B1 /* AppDelegate.m */ = {isa = PBXFileReference; lastKnownFileType = sourcecode.c.objc; path = AppDelegate.m; sourceTree = "<group>"; };
		3B331BFD24DD9F21000CC0B1 /* SceneDelegate.h */ = {isa = PBXFileReference; lastKnownFileType = sourcecode.c.h; path = SceneDelegate.h; sourceTree = "<group>"; };
		3B331BFE24DD9F21000CC0B1 /* SceneDelegate.m */ = {isa = PBXFileReference; lastKnownFileType = sourcecode.c.objc; path = SceneDelegate.m; sourceTree = "<group>"; };
		3B331C0024DD9F21000CC0B1 /* ViewController.h */ = {isa = PBXFileReference; lastKnownFileType = sourcecode.c.h; path = ViewController.h; sourceTree = "<group>"; };
		3B331C0124DD9F21000CC0B1 /* ViewController.m */ = {isa = PBXFileReference; lastKnownFileType = sourcecode.c.objc; path = ViewController.m; sourceTree = "<group>"; };
		3B331C0424DD9F21000CC0B1 /* Base */ = {isa = PBXFileReference; lastKnownFileType = file.storyboard; name = Base; path = Base.lproj/Main.storyboard; sourceTree = "<group>"; };
		3B331C0624DD9F22000CC0B1 /* Assets.xcassets */ = {isa = PBXFileReference; lastKnownFileType = folder.assetcatalog; path = Assets.xcassets; sourceTree = "<group>"; };
		3B331C0924DD9F22000CC0B1 /* Base */ = {isa = PBXFileReference; lastKnownFileType = file.storyboard; name = Base; path = Base.lproj/LaunchScreen.storyboard; sourceTree = "<group>"; };
		3B331C0B24DD9F22000CC0B1 /* Info.plist */ = {isa = PBXFileReference; lastKnownFileType = text.plist.xml; path = Info.plist; sourceTree = "<group>"; };
		3B331C0C24DD9F22000CC0B1 /* main.m */ = {isa = PBXFileReference; lastKnownFileType = sourcecode.c.objc; path = main.m; sourceTree = "<group>"; };
		3B331C1324DDA5F3000CC0B1 /* wlop.png */ = {isa = PBXFileReference; lastKnownFileType = image.png; path = wlop.png; sourceTree = "<group>"; };
		6D1D1F8924E269D600C98225 /* triangle-mosaic.fsh */ = {isa = PBXFileReference; fileEncoding = 4; lastKnownFileType = sourcecode.glsl; path = "triangle-mosaic.fsh"; sourceTree = "<group>"; };
		6D1D1F8A24E269D600C98225 /* reverse.fsh */ = {isa = PBXFileReference; fileEncoding = 4; lastKnownFileType = sourcecode.glsl; path = reverse.fsh; sourceTree = "<group>"; };
		6D1D1F8B24E269D600C98225 /* square-mosaic.fsh */ = {isa = PBXFileReference; fileEncoding = 4; lastKnownFileType = sourcecode.glsl; path = "square-mosaic.fsh"; sourceTree = "<group>"; };
		6D1D1F8C24E269D600C98225 /* gray.fsh */ = {isa = PBXFileReference; fileEncoding = 4; lastKnownFileType = sourcecode.glsl; path = gray.fsh; sourceTree = "<group>"; };
		6D1D1F8D24E269D600C98225 /* whirlpool.fsh */ = {isa = PBXFileReference; fileEncoding = 4; lastKnownFileType = sourcecode.glsl; path = whirlpool.fsh; sourceTree = "<group>"; };
		6D1D1F8E24E269D600C98225 /* hexagon-mosaic.fsh */ = {isa = PBXFileReference; fileEncoding = 4; lastKnownFileType = sourcecode.glsl; path = "hexagon-mosaic.fsh"; sourceTree = "<group>"; };
/* End PBXFileReference section */

/* Begin PBXFrameworksBuildPhase section */
		3B331BF424DD9F21000CC0B1 /* Frameworks */ = {
			isa = PBXFrameworksBuildPhase;
			buildActionMask = 2147483647;
			files = (
			);
			runOnlyForDeploymentPostprocessing = 0;
		};
/* End PBXFrameworksBuildPhase section */

/* Begin PBXGroup section */
		3B29773124E18CF50036CE4D /* Douyin */ = {
			isa = PBXGroup;
			children = (
				3B2CE7AF24E0388200C15E43 /* Illusory */,
				3B2CE7AC24E0384800C15E43 /* Glitch */,
				3B2CE7A724E037F600C15E43 /* Flash */,
				3B2CE7A424E037CD00C15E43 /* Shake */,
				3B2CE79E24E0374D00C15E43 /* Scale */,
				3B2CE79F24E0377900C15E43 /* Soul */,
			);
			path = Douyin;
			sourceTree = "<group>";
		};
		3B2CE79924DFF74F00C15E43 /* Base */ = {
			isa = PBXGroup;
			children = (
				3B2CE79A24DFF74F00C15E43 /* normal.fsh */,
				3B2CE79B24DFF74F00C15E43 /* normal.vsh */,
			);
			path = Base;
			sourceTree = "<group>";
		};
		3B2CE79E24E0374D00C15E43 /* Scale */ = {
			isa = PBXGroup;
			children = (
				3B2CE7A224E037AE00C15E43 /* scale.vsh */,
			);
			path = Scale;
			sourceTree = "<group>";
		};
		3B2CE79F24E0377900C15E43 /* Soul */ = {
			isa = PBXGroup;
			children = (
				3B2CE7A024E0379D00C15E43 /* soul.fsh */,
			);
			path = Soul;
			sourceTree = "<group>";
		};
		3B2CE7A424E037CD00C15E43 /* Shake */ = {
			isa = PBXGroup;
			children = (
				3B2CE7A524E037EA00C15E43 /* shake.fsh */,
			);
			path = Shake;
			sourceTree = "<group>";
		};
		3B2CE7A724E037F600C15E43 /* Flash */ = {
			isa = PBXGroup;
			children = (
				3B2CE7A924E0381800C15E43 /* flash.fsh */,
			);
			path = Flash;
			sourceTree = "<group>";
		};
		3B2CE7AC24E0384800C15E43 /* Glitch */ = {
			isa = PBXGroup;
			children = (
				3B2CE7AD24E0387300C15E43 /* glitch.fsh */,
			);
			path = Glitch;
			sourceTree = "<group>";
		};
		3B2CE7AF24E0388200C15E43 /* Illusory */ = {
			isa = PBXGroup;
			children = (
				3B2CE7B024E038A000C15E43 /* illusory.fsh */,
			);
			path = Illusory;
			sourceTree = "<group>";
		};
		3B2E163524DE8A7B00A22FD5 /* Filter */ = {
			isa = PBXGroup;
			children = (
				6D1D1F8824E2692D00C98225 /* Common */,
				3B29773124E18CF50036CE4D /* Douyin */,
				3B2CE79924DFF74F00C15E43 /* Base */,
				3B2E163E24DE9BC000A22FD5 /* Split */,
			);
			path = Filter;
			sourceTree = "<group>";
		};
		3B2E163E24DE9BC000A22FD5 /* Split */ = {
			isa = PBXGroup;
			children = (
				3B2CE79424DFAC7900C15E43 /* split.fsh */,
			);
			path = Split;
			sourceTree = "<group>";
		};
		3B2E164224DEAB0600A22FD5 /* Tool */ = {
			isa = PBXGroup;
			children = (
				3B2E164624DEE12C00A22FD5 /* FilterBar */,
			);
			path = Tool;
			sourceTree = "<group>";
		};
		3B2E164624DEE12C00A22FD5 /* FilterBar */ = {
			isa = PBXGroup;
			children = (
				3B2E164324DEAB3200A22FD5 /* FilterBar.h */,
				3B2E164424DEAB3200A22FD5 /* FilterBar.m */,
			);
			path = FilterBar;
			sourceTree = "<group>";
		};
		3B331BEE24DD9F21000CC0B1 = {
			isa = PBXGroup;
			children = (
				3B331BF924DD9F21000CC0B1 /* Filter */,
				3B331BF824DD9F21000CC0B1 /* Products */,
			);
			sourceTree = "<group>";
		};
		3B331BF824DD9F21000CC0B1 /* Products */ = {
			isa = PBXGroup;
			children = (
				3B331BF724DD9F21000CC0B1 /* Filter.app */,
			);
			name = Products;
			sourceTree = "<group>";
		};
		3B331BF924DD9F21000CC0B1 /* Filter */ = {
			isa = PBXGroup;
			children = (
				3B2E164224DEAB0600A22FD5 /* Tool */,
				3B2E163524DE8A7B00A22FD5 /* Filter */,
				3B331BFA24DD9F21000CC0B1 /* AppDelegate.h */,
				3B331BFB24DD9F21000CC0B1 /* AppDelegate.m */,
				3B331BFD24DD9F21000CC0B1 /* SceneDelegate.h */,
				3B331BFE24DD9F21000CC0B1 /* SceneDelegate.m */,
				3B331C0024DD9F21000CC0B1 /* ViewController.h */,
				3B331C0124DD9F21000CC0B1 /* ViewController.m */,
				3B331C1324DDA5F3000CC0B1 /* wlop.png */,
				3B331C0324DD9F21000CC0B1 /* Main.storyboard */,
				3B331C0624DD9F22000CC0B1 /* Assets.xcassets */,
				3B331C0824DD9F22000CC0B1 /* LaunchScreen.storyboard */,
				3B331C0B24DD9F22000CC0B1 /* Info.plist */,
				3B331C0C24DD9F22000CC0B1 /* main.m */,
			);
			path = Filter;
			sourceTree = "<group>";
		};
		6D1D1F8824E2692D00C98225 /* Common */ = {
			isa = PBXGroup;
			children = (
				6D1D1F8C24E269D600C98225 /* gray.fsh */,
				6D1D1F8E24E269D600C98225 /* hexagon-mosaic.fsh */,
				6D1D1F8A24E269D600C98225 /* reverse.fsh */,
				6D1D1F8B24E269D600C98225 /* square-mosaic.fsh */,
				6D1D1F8924E269D600C98225 /* triangle-mosaic.fsh */,
				6D1D1F8D24E269D600C98225 /* whirlpool.fsh */,
			);
			path = Common;
			sourceTree = "<group>";
		};
/* End PBXGroup section */

/* Begin PBXNativeTarget section */
		3B331BF624DD9F21000CC0B1 /* Filter */ = {
			isa = PBXNativeTarget;
			buildConfigurationList = 3B331C1024DD9F22000CC0B1 /* Build configuration list for PBXNativeTarget "Filter" */;
			buildPhases = (
				3B331BF324DD9F21000CC0B1 /* Sources */,
				3B331BF424DD9F21000CC0B1 /* Frameworks */,
				3B331BF524DD9F21000CC0B1 /* Resources */,
			);
			buildRules = (
			);
			dependencies = (
			);
			name = Filter;
			productName = Filter;
			productReference = 3B331BF724DD9F21000CC0B1 /* Filter.app */;
			productType = "com.apple.product-type.application";
		};
/* End PBXNativeTarget section */

/* Begin PBXProject section */
		3B331BEF24DD9F21000CC0B1 /* Project object */ = {
			isa = PBXProject;
			attributes = {
				LastUpgradeCheck = 1130;
				ORGANIZATIONNAME = Zsy;
				TargetAttributes = {
					3B331BF624DD9F21000CC0B1 = {
						CreatedOnToolsVersion = 11.3.1;
					};
				};
			};
			buildConfigurationList = 3B331BF224DD9F21000CC0B1 /* Build configuration list for PBXProject "Filter" */;
			compatibilityVersion = "Xcode 9.3";
			developmentRegion = en;
			hasScannedForEncodings = 0;
			knownRegions = (
				en,
				Base,
			);
			mainGroup = 3B331BEE24DD9F21000CC0B1;
			productRefGroup = 3B331BF824DD9F21000CC0B1 /* Products */;
			projectDirPath = "";
			projectRoot = "";
			targets = (
				3B331BF624DD9F21000CC0B1 /* Filter */,
			);
		};
/* End PBXProject section */

/* Begin PBXResourcesBuildPhase section */
		3B331BF524DD9F21000CC0B1 /* Resources */ = {
			isa = PBXResourcesBuildPhase;
			buildActionMask = 2147483647;
			files = (
				3B2CE7A624E037EA00C15E43 /* shake.fsh in Resources */,
				3B331C0A24DD9F22000CC0B1 /* LaunchScreen.storyboard in Resources */,
				3B2CE7A324E037AE00C15E43 /* scale.vsh in Resources */,
				6D1D1F9424E269D700C98225 /* hexagon-mosaic.fsh in Resources */,
				3B2CE79524DFAC7900C15E43 /* split.fsh in Resources */,
				3B2CE7A124E0379D00C15E43 /* soul.fsh in Resources */,
				3B2CE79C24DFF74F00C15E43 /* normal.fsh in Resources */,
				3B2CE79D24DFF74F00C15E43 /* normal.vsh in Resources */,
				6D1D1F9024E269D700C98225 /* reverse.fsh in Resources */,
				3B2CE7B124E038A000C15E43 /* illusory.fsh in Resources */,
				3B331C1424DDA5F3000CC0B1 /* wlop.png in Resources */,
				6D1D1F9124E269D700C98225 /* square-mosaic.fsh in Resources */,
				3B2CE7AE24E0387300C15E43 /* glitch.fsh in Resources */,
				3B331C0724DD9F22000CC0B1 /* Assets.xcassets in Resources */,
				3B2CE7AA24E0381800C15E43 /* flash.fsh in Resources */,
				6D1D1F9324E269D700C98225 /* whirlpool.fsh in Resources */,
				3B331C0524DD9F21000CC0B1 /* Main.storyboard in Resources */,
				6D1D1F8F24E269D700C98225 /* triangle-mosaic.fsh in Resources */,
				6D1D1F9224E269D700C98225 /* gray.fsh in Resources */,
			);
			runOnlyForDeploymentPostprocessing = 0;
		};
/* End PBXResourcesBuildPhase section */

/* Begin PBXSourcesBuildPhase section */
		3B331BF324DD9F21000CC0B1 /* Sources */ = {
			isa = PBXSourcesBuildPhase;
			buildActionMask = 2147483647;
			files = (
				3B331C0224DD9F21000CC0B1 /* ViewController.m in Sources */,
				3B2E164524DEAB3200A22FD5 /* FilterBar.m in Sources */,
				3B331BFC24DD9F21000CC0B1 /* AppDelegate.m in Sources */,
				3B331C0D24DD9F22000CC0B1 /* main.m in Sources */,
				3B331BFF24DD9F21000CC0B1 /* SceneDelegate.m in Sources */,
			);
			runOnlyForDeploymentPostprocessing = 0;
		};
/* End PBXSourcesBuildPhase section */

/* Begin PBXVariantGroup section */
		3B331C0324DD9F21000CC0B1 /* Main.storyboard */ = {
			isa = PBXVariantGroup;
			children = (
				3B331C0424DD9F21000CC0B1 /* Base */,
			);
			name = Main.storyboard;
			sourceTree = "<group>";
		};
		3B331C0824DD9F22000CC0B1 /* LaunchScreen.storyboard */ = {
			isa = PBXVariantGroup;
			children = (
				3B331C0924DD9F22000CC0B1 /* Base */,
			);
			name = LaunchScreen.storyboard;
			sourceTree = "<group>";
		};
/* End PBXVariantGroup section */

/* Begin XCBuildConfiguration section */
		3B331C0E24DD9F22000CC0B1 /* Debug */ = {
			isa = XCBuildConfiguration;
			buildSettings = {
				ALWAYS_SEARCH_USER_PATHS = NO;
				CLANG_ANALYZER_NONNULL = YES;
				CLANG_ANALYZER_NUMBER_OBJECT_CONVERSION = YES_AGGRESSIVE;
				CLANG_CXX_LANGUAGE_STANDARD = "gnu++14";
				CLANG_CXX_LIBRARY = "libc++";
				CLANG_ENABLE_MODULES = YES;
				CLANG_ENABLE_OBJC_ARC = YES;
				CLANG_ENABLE_OBJC_WEAK = YES;
				CLANG_WARN_BLOCK_CAPTURE_AUTORELEASING = YES;
				CLANG_WARN_BOOL_CONVERSION = YES;
				CLANG_WARN_COMMA = YES;
				CLANG_WARN_CONSTANT_CONVERSION = YES;
				CLANG_WARN_DEPRECATED_OBJC_IMPLEMENTATIONS = YES;
				CLANG_WARN_DIRECT_OBJC_ISA_USAGE = YES_ERROR;
				CLANG_WARN_DOCUMENTATION_COMMENTS = YES;
				CLANG_WARN_EMPTY_BODY = YES;
				CLANG_WARN_ENUM_CONVERSION = YES;
				CLANG_WARN_INFINITE_RECURSION = YES;
				CLANG_WARN_INT_CONVERSION = YES;
				CLANG_WARN_NON_LITERAL_NULL_CONVERSION = YES;
				CLANG_WARN_OBJC_IMPLICIT_RETAIN_SELF = YES;
				CLANG_WARN_OBJC_LITERAL_CONVERSION = YES;
				CLANG_WARN_OBJC_ROOT_CLASS = YES_ERROR;
				CLANG_WARN_RANGE_LOOP_ANALYSIS = YES;
				CLANG_WARN_STRICT_PROTOTYPES = YES;
				CLANG_WARN_SUSPICIOUS_MOVE = YES;
				CLANG_WARN_UNGUARDED_AVAILABILITY = YES_AGGRESSIVE;
				CLANG_WARN_UNREACHABLE_CODE = YES;
				CLANG_WARN__DUPLICATE_METHOD_MATCH = YES;
				COPY_PHASE_STRIP = NO;
				DEBUG_INFORMATION_FORMAT = dwarf;
				ENABLE_STRICT_OBJC_MSGSEND = YES;
				ENABLE_TESTABILITY = YES;
				GCC_C_LANGUAGE_STANDARD = gnu11;
				GCC_DYNAMIC_NO_PIC = NO;
				GCC_NO_COMMON_BLOCKS = YES;
				GCC_OPTIMIZATION_LEVEL = 0;
				GCC_PREPROCESSOR_DEFINITIONS = (
					"DEBUG=1",
					"$(inherited)",
				);
				GCC_WARN_64_TO_32_BIT_CONVERSION = YES;
				GCC_WARN_ABOUT_RETURN_TYPE = YES_ERROR;
				GCC_WARN_UNDECLARED_SELECTOR = YES;
				GCC_WARN_UNINITIALIZED_AUTOS = YES_AGGRESSIVE;
				GCC_WARN_UNUSED_FUNCTION = YES;
				GCC_WARN_UNUSED_VARIABLE = YES;
				IPHONEOS_DEPLOYMENT_TARGET = 13.2;
				MTL_ENABLE_DEBUG_INFO = INCLUDE_SOURCE;
				MTL_FAST_MATH = YES;
				ONLY_ACTIVE_ARCH = YES;
				SDKROOT = iphoneos;
			};
			name = Debug;
		};
		3B331C0F24DD9F22000CC0B1 /* Release */ = {
			isa = XCBuildConfiguration;
			buildSettings = {
				ALWAYS_SEARCH_USER_PATHS = NO;
				CLANG_ANALYZER_NONNULL = YES;
				CLANG_ANALYZER_NUMBER_OBJECT_CONVERSION = YES_AGGRESSIVE;
				CLANG_CXX_LANGUAGE_STANDARD = "gnu++14";
				CLANG_CXX_LIBRARY = "libc++";
				CLANG_ENABLE_MODULES = YES;
				CLANG_ENABLE_OBJC_ARC = YES;
				CLANG_ENABLE_OBJC_WEAK = YES;
				CLANG_WARN_BLOCK_CAPTURE_AUTORELEASING = YES;
				CLANG_WARN_BOOL_CONVERSION = YES;
				CLANG_WARN_COMMA = YES;
				CLANG_WARN_CONSTANT_CONVERSION = YES;
				CLANG_WARN_DEPRECATED_OBJC_IMPLEMENTATIONS = YES;
				CLANG_WARN_DIRECT_OBJC_ISA_USAGE = YES_ERROR;
				CLANG_WARN_DOCUMENTATION_COMMENTS = YES;
				CLANG_WARN_EMPTY_BODY = YES;
				CLANG_WARN_ENUM_CONVERSION = YES;
				CLANG_WARN_INFINITE_RECURSION = YES;
				CLANG_WARN_INT_CONVERSION = YES;
				CLANG_WARN_NON_LITERAL_NULL_CONVERSION = YES;
				CLANG_WARN_OBJC_IMPLICIT_RETAIN_SELF = YES;
				CLANG_WARN_OBJC_LITERAL_CONVERSION = YES;
				CLANG_WARN_OBJC_ROOT_CLASS = YES_ERROR;
				CLANG_WARN_RANGE_LOOP_ANALYSIS = YES;
				CLANG_WARN_STRICT_PROTOTYPES = YES;
				CLANG_WARN_SUSPICIOUS_MOVE = YES;
				CLANG_WARN_UNGUARDED_AVAILABILITY = YES_AGGRESSIVE;
				CLANG_WARN_UNREACHABLE_CODE = YES;
				CLANG_WARN__DUPLICATE_METHOD_MATCH = YES;
				COPY_PHASE_STRIP = NO;
				DEBUG_INFORMATION_FORMAT = "dwarf-with-dsym";
				ENABLE_NS_ASSERTIONS = NO;
				ENABLE_STRICT_OBJC_MSGSEND = YES;
				GCC_C_LANGUAGE_STANDARD = gnu11;
				GCC_NO_COMMON_BLOCKS = YES;
				GCC_WARN_64_TO_32_BIT_CONVERSION = YES;
				GCC_WARN_ABOUT_RETURN_TYPE = YES_ERROR;
				GCC_WARN_UNDECLARED_SELECTOR = YES;
				GCC_WARN_UNINITIALIZED_AUTOS = YES_AGGRESSIVE;
				GCC_WARN_UNUSED_FUNCTION = YES;
				GCC_WARN_UNUSED_VARIABLE = YES;
				IPHONEOS_DEPLOYMENT_TARGET = 13.2;
				MTL_ENABLE_DEBUG_INFO = NO;
				MTL_FAST_MATH = YES;
				SDKROOT = iphoneos;
				VALIDATE_PRODUCT = YES;
			};
			name = Release;
		};
		3B331C1124DD9F22000CC0B1 /* Debug */ = {
			isa = XCBuildConfiguration;
			buildSettings = {
				ASSETCATALOG_COMPILER_APPICON_NAME = AppIcon;
				CODE_SIGN_STYLE = Automatic;
				DEVELOPMENT_TEAM = D85977TD5F;
				GCC_WARN_ABOUT_DEPRECATED_FUNCTIONS = NO;
				INFOPLIST_FILE = Filter/Info.plist;
				LD_RUNPATH_SEARCH_PATHS = (
					"$(inherited)",
					"@executable_path/Frameworks",
				);
				PRODUCT_BUNDLE_IDENTIFIER = com.zsy.filter;
				PRODUCT_NAME = "$(TARGET_NAME)";
				TARGETED_DEVICE_FAMILY = "1,2";
			};
			name = Debug;
		};
		3B331C1224DD9F22000CC0B1 /* Release */ = {
			isa = XCBuildConfiguration;
			buildSettings = {
				ASSETCATALOG_COMPILER_APPICON_NAME = AppIcon;
				CODE_SIGN_STYLE = Automatic;
				DEVELOPMENT_TEAM = D85977TD5F;
				GCC_WARN_ABOUT_DEPRECATED_FUNCTIONS = NO;
				INFOPLIST_FILE = Filter/Info.plist;
				LD_RUNPATH_SEARCH_PATHS = (
					"$(inherited)",
					"@executable_path/Frameworks",
				);
				PRODUCT_BUNDLE_IDENTIFIER = com.zsy.filter;
				PRODUCT_NAME = "$(TARGET_NAME)";
				TARGETED_DEVICE_FAMILY = "1,2";
			};
			name = Release;
		};
/* End XCBuildConfiguration section */

/* Begin XCConfigurationList section */
		3B331BF224DD9F21000CC0B1 /* Build configuration list for PBXProject "Filter" */ = {
			isa = XCConfigurationList;
			buildConfigurations = (
				3B331C0E24DD9F22000CC0B1 /* Debug */,
				3B331C0F24DD9F22000CC0B1 /* Release */,
			);
			defaultConfigurationIsVisible = 0;
			defaultConfigurationName = Release;
		};
		3B331C1024DD9F22000CC0B1 /* Build configuration list for PBXNativeTarget "Filter" */ = {
			isa = XCConfigurationList;
			buildConfigurations = (
				3B331C1124DD9F22000CC0B1 /* Debug */,
				3B331C1224DD9F22000CC0B1 /* Release */,
			);
			defaultConfigurationIsVisible = 0;
			defaultConfigurationName = Release;
		};
/* End XCConfigurationList section */
	};
	rootObject = 3B331BEF24DD9F21000CC0B1 /* Project object */;
}
